
Microsoft Visual Studio Solution File, Format Version 12.00
# Visual Studio Version 17
VisualStudioVersion = 17.4.33213.308
MinimumVisualStudioVersion = 10.0.40219.1
Project("{9A19103F-16F7-4668-BE54-9A1E7A4F7556}") = "ConsoleApp1", "ConsoleApp1\ConsoleApp1.csproj", "{0433BF01-8148-4080-B5D5-0C93AD0F0E0C}"
EndProject
Project("{FAE04EC0-301F-11D3-BF4B-00C04F79EFBC}") = "ConsoleApp1.Contracts", "ConsoleApp1.Contracts\ConsoleApp1.Contracts.csproj", "{21FFFD63-0BFC-4108-817D-BC3429A6827D}"
EndProject
Project("{FAE04EC0-301F-11D3-BF4B-00C04F79EFBC}") = "ConsoleApp1.Domain", "ConsoleApp1.Domain\ConsoleApp1.Domain.csproj", "{27900F1A-E644-4800-AC3B-E6CA67FD7D54}"
EndProject
Global
	GlobalSection(SolutionConfigurationPlatforms) = preSolution
		Debug|Any CPU = Debug|Any CPU
		Release|Any CPU = Release|Any CPU
	EndGlobalSection
	GlobalSection(ProjectConfigurationPlatforms) = postSolution
		{0433BF01-8148-4080-B5D5-0C93AD0F0E0C}.Debug|Any CPU.ActiveCfg = Debug|Any CPU
		{0433BF01-8148-4080-B5D5-0C93AD0F0E0C}.Debug|Any CPU.Build.0 = Debug|Any CPU
		{0433BF01-8148-4080-B5D5-0C93AD0F0E0C}.Release|Any CPU.ActiveCfg = Release|Any CPU
		{0433BF01-8148-4080-B5D5-0C93AD0F0E0C}.Release|Any CPU.Build.0 = Release|Any CPU
		{21FFFD63-0BFC-4108-817D-BC3429A6827D}.Debug|Any CPU.ActiveCfg = Debug|Any CPU
		{21FFFD63-0BFC-4108-817D-BC3429A6827D}.Debug|Any CPU.Build.0 = Debug|Any CPU
		{21FFFD63-0BFC-4108-817D-BC3429A6827D}.Release|Any CPU.ActiveCfg = Release|Any CPU
		{21FFFD63-0BFC-4108-817D-BC3429A6827D}.Release|Any CPU.Build.0 = Release|Any CPU
		{27900F1A-E644-4800-AC3B-E6CA67FD7D54}.Debug|Any CPU.ActiveCfg = Debug|Any CPU
		{27900F1A-E644-4800-AC3B-E6CA67FD7D54}.Debug|Any CPU.Build.0 = Debug|Any CPU
		{27900F1A-E644-4800-AC3B-E6CA67FD7D54}.Release|Any CPU.ActiveCfg = Release|Any CPU
		{27900F1A-E644-4800-AC3B-E6CA67FD7D54}.Release|Any CPU.Build.0 = Release|Any CPU
	EndGlobalSection
	GlobalSection(SolutionProperties) = preSolution
		HideSolutionNode = FALSE
	EndGlobalSection
	GlobalSection(ExtensibilityGlobals) = postSolution
		SolutionGuid = {5C7DB91D-0844-4A5E-97DE-890B3623DBBF}
	EndGlobalSection
EndGlobal
